{
  "name": "frontend",
  "lockfileVersion": 3,
  "requires": true,
  "packages": {
    "": {
      "devDependencies": {
        "@types/crypto-js": "^4.1.3"
      }
    },
    "node_modules/@types/crypto-js": {
      "version": "4.1.3",
      "resolved": "https://registry.npmjs.org/@types/crypto-js/-/crypto-js-4.1.3.tgz",
      "integrity": "sha512-YP1sYYayLe7Eg5oXyLLvOLfxBfZ5Fgpz6sVWkpB18wDMywCLPWmqzRz+9gyuOoLF0fzDTTFwlyNbx7koONUwqA==",
      "dev": true
    }
  }
}
