{
  "name": "frontend",
  "version": "1.0.0",
  "lockfileVersion": 3,
  "requires": true,
  "packages": {
    "": {
      "name": "frontend",
      "version": "1.0.0",
      "license": "ISC",
      "dependencies": {
        "@vant/weapp": "^1.11.1",
        "weui-miniprogram": "^1.2.10"
      },
      "devDependencies": {
        "miniprogram-simulate": "^0.0.1"
      }
    },
    "node_modules/@vant/weapp": {
      "version": "1.11.1",
      "resolved": "https://registry.npmjs.org/@vant/weapp/-/weapp-1.11.1.tgz",
      "integrity": "sha512-2QddSq3MsozbTBAgEmW1rhzsEJNWPF2VS427M5pOOn0a7/f6lW+tymwdTcOQCzQONavhFwBv6Lebbs/UjE3Yig=="
    },
    "node_modules/expr-parser": {
      "version": "1.0.0",
      "resolved": "https://registry.npmjs.org/expr-parser/-/expr-parser-1.0.0.tgz",
      "integrity": "sha512-ncuWTCWH0M5KbaYikXxZ3FG3Q+FTYIEXeXAbxYscdZLFNnR5Le5gRU2r/a/JUZHnxwBDZcxWEWzCoPQlW9Engg==",
      "dev": true
    },
    "node_modules/j-component": {
      "version": "1.4.9",
      "resolved": "git+ssh://git@github.com/JuneAndGreen/j-component.git#d8203de72242266063691f2e01e8114bd3433f10",
      "dev": true,
      "license": "MIT",
      "dependencies": {
        "expr-parser": "^1.0.0",
        "miniprogram-api-typings": "^3.2.2",
        "miniprogram-exparser": "latest"
      }
    },
    "node_modules/miniprogram-api-typings": {
      "version": "3.12.1",
      "resolved": "https://registry.npmjs.org/miniprogram-api-typings/-/miniprogram-api-typings-3.12.1.tgz",
      "integrity": "sha512-ewXOEqLGIgqQSy4wbaCHq47sfDsC/hQhO9QVzTQTCKNf9x691AwADHorfCTfVLXDVkOjbbLmJ086M3Dv7hKcXw==",
      "dev": true
    },
    "node_modules/miniprogram-exparser": {
      "version": "2.29.1",
      "resolved": "https://registry.npmjs.org/miniprogram-exparser/-/miniprogram-exparser-2.29.1.tgz",
      "integrity": "sha512-f2LUVYcQ5O664nOHhrEbtR//hlqln88dRY0mIwuRncJfuXMCdK9FBk0vzNDG6EgaaeTt3iGLeFQLRHlhYktkXw==",
      "dev": true
    },
    "node_modules/miniprogram-simulate": {
      "version": "0.0.1",
      "resolved": "https://registry.npmjs.org/miniprogram-simulate/-/miniprogram-simulate-0.0.1.tgz",
      "integrity": "sha512-sXD2DYL+nSc0LBXBZc6mWrJsTD3fnAFCNfKLNZtf1O1z1O6jK8BpZKSTLX6d3MxM7AEZ9tiCDM1WghfEOHtH4w==",
      "dev": true,
      "dependencies": {
        "j-component": "git+https://github.com/JuneAndGreen/j-component.git"
      }
    },
    "node_modules/weui-miniprogram": {
      "version": "1.2.10",
      "resolved": "https://registry.npmjs.org/weui-miniprogram/-/weui-miniprogram-1.2.10.tgz",
      "integrity": "sha512-BVT9zj4KBy55RcYaqqWigt23g0tuZAPeuxAo7Uv7G76/zuDMJbnnAmIj7kCwhSesMF8/7xLBt9J0r2GC1NzEPg=="
    }
  }
}
